// !$*UTF8*$!
{
	archiveVersion = 1;
	classes = {
	};
	objectVersion = 50;
	objects = {

/* Begin PBXBuildFile section */
		397AC3D922A7860000E83873 /* Photo.swift in Sources */ = {isa = PBXBuildFile; fileRef = 397AC3D822A7860000E83873 /* Photo.swift */; };
		39F6A11922A66C34003B3B7B /* AppDelegate.swift in Sources */ = {isa = PBXBuildFile; fileRef = 39F6A11822A66C34003B3B7B /* AppDelegate.swift */; };
		39F6A11B22A66C34003B3B7B /* ViewController.swift in Sources */ = {isa = PBXBuildFile; fileRef = 39F6A11A22A66C34003B3B7B /* ViewController.swift */; };
		39F6A12022A66C35003B3B7B /* Assets.xcassets in Resources */ = {isa = PBXBuildFile; fileRef = 39F6A11F22A66C35003B3B7B /* Assets.xcassets */; };
		39F6A12322A66C35003B3B7B /* LaunchScreen.storyboard in Resources */ = {isa = PBXBuildFile; fileRef = 39F6A12122A66C35003B3B7B /* LaunchScreen.storyboard */; };
		39F6A12E22A66C35003B3B7B /* PhotoSearchTests.swift in Sources */ = {isa = PBXBuildFile; fileRef = 39F6A12D22A66C35003B3B7B /* PhotoSearchTests.swift */; };
		39F6A13922A66C35003B3B7B /* PhotoSearchUITests.swift in Sources */ = {isa = PBXBuildFile; fileRef = 39F6A13822A66C35003B3B7B /* PhotoSearchUITests.swift */; };
		39F6A14922A780F0003B3B7B /* PhotoSearchService.swift in Sources */ = {isa = PBXBuildFile; fileRef = 39F6A14822A780F0003B3B7B /* PhotoSearchService.swift */; };
		39F6A14B22A782CB003B3B7B /* Result.swift in Sources */ = {isa = PBXBuildFile; fileRef = 39F6A14A22A782CB003B3B7B /* Result.swift */; };
		39F6A14D22A78425003B3B7B /* PhotoSearchError.swift in Sources */ = {isa = PBXBuildFile; fileRef = 39F6A14C22A78425003B3B7B /* PhotoSearchError.swift */; };
/* End PBXBuildFile section */

/* Begin PBXContainerItemProxy section */
		39F6A12A22A66C35003B3B7B /* PBXContainerItemProxy */ = {
			isa = PBXContainerItemProxy;
			containerPortal = 39F6A10D22A66C34003B3B7B /* Project object */;
			proxyType = 1;
			remoteGlobalIDString = 39F6A11422A66C34003B3B7B;
			remoteInfo = PhotoSearch;
		};
		39F6A13522A66C35003B3B7B /* PBXContainerItemProxy */ = {
			isa = PBXContainerItemProxy;
			containerPortal = 39F6A10D22A66C34003B3B7B /* Project object */;
			proxyType = 1;
			remoteGlobalIDString = 39F6A11422A66C34003B3B7B;
			remoteInfo = PhotoSearch;
		};
/* End PBXContainerItemProxy section */

/* Begin PBXFileReference section */
		397AC3D822A7860000E83873 /* Photo.swift */ = {isa = PBXFileReference; lastKnownFileType = sourcecode.swift; path = Photo.swift; sourceTree = "<group>"; };
		39F6A11522A66C34003B3B7B /* PhotoSearch.app */ = {isa = PBXFileReference; explicitFileType = wrapper.application; includeInIndex = 0; path = PhotoSearch.app; sourceTree = BUILT_PRODUCTS_DIR; };
		39F6A11822A66C34003B3B7B /* AppDelegate.swift */ = {isa = PBXFileReference; lastKnownFileType = sourcecode.swift; path = AppDelegate.swift; sourceTree = "<group>"; };
		39F6A11A22A66C34003B3B7B /* ViewController.swift */ = {isa = PBXFileReference; lastKnownFileType = sourcecode.swift; path = ViewController.swift; sourceTree = "<group>"; };
		39F6A11F22A66C35003B3B7B /* Assets.xcassets */ = {isa = PBXFileReference; lastKnownFileType = folder.assetcatalog; path = Assets.xcassets; sourceTree = "<group>"; };
		39F6A12222A66C35003B3B7B /* Base */ = {isa = PBXFileReference; lastKnownFileType = file.storyboard; name = Base; path = Base.lproj/LaunchScreen.storyboard; sourceTree = "<group>"; };
		39F6A12422A66C35003B3B7B /* Info.plist */ = {isa = PBXFileReference; lastKnownFileType = text.plist.xml; path = Info.plist; sourceTree = "<group>"; };
		39F6A12922A66C35003B3B7B /* PhotoSearchTests.xctest */ = {isa = PBXFileReference; explicitFileType = wrapper.cfbundle; includeInIndex = 0; path = PhotoSearchTests.xctest; sourceTree = BUILT_PRODUCTS_DIR; };
		39F6A12D22A66C35003B3B7B /* PhotoSearchTests.swift */ = {isa = PBXFileReference; lastKnownFileType = sourcecode.swift; path = PhotoSearchTests.swift; sourceTree = "<group>"; };
		39F6A12F22A66C35003B3B7B /* Info.plist */ = {isa = PBXFileReference; lastKnownFileType = text.plist.xml; path = Info.plist; sourceTree = "<group>"; };
		39F6A13422A66C35003B3B7B /* PhotoSearchUITests.xctest */ = {isa = PBXFileReference; explicitFileType = wrapper.cfbundle; includeInIndex = 0; path = PhotoSearchUITests.xctest; sourceTree = BUILT_PRODUCTS_DIR; };
		39F6A13822A66C35003B3B7B /* PhotoSearchUITests.swift */ = {isa = PBXFileReference; lastKnownFileType = sourcecode.swift; path = PhotoSearchUITests.swift; sourceTree = "<group>"; };
		39F6A13A22A66C35003B3B7B /* Info.plist */ = {isa = PBXFileReference; lastKnownFileType = text.plist.xml; path = Info.plist; sourceTree = "<group>"; };
		39F6A14822A780F0003B3B7B /* PhotoSearchService.swift */ = {isa = PBXFileReference; lastKnownFileType = sourcecode.swift; path = PhotoSearchService.swift; sourceTree = "<group>"; };
		39F6A14A22A782CB003B3B7B /* Result.swift */ = {isa = PBXFileReference; lastKnownFileType = sourcecode.swift; path = Result.swift; sourceTree = "<group>"; };
		39F6A14C22A78425003B3B7B /* PhotoSearchError.swift */ = {isa = PBXFileReference; lastKnownFileType = sourcecode.swift; path = PhotoSearchError.swift; sourceTree = "<group>"; };
/* End PBXFileReference section */

/* Begin PBXFrameworksBuildPhase section */
		39F6A11222A66C34003B3B7B /* Frameworks */ = {
			isa = PBXFrameworksBuildPhase;
			buildActionMask = 2147483647;
			files = (
			);
			runOnlyForDeploymentPostprocessing = 0;
		};
		39F6A12622A66C35003B3B7B /* Frameworks */ = {
			isa = PBXFrameworksBuildPhase;
			buildActionMask = 2147483647;
			files = (
			);
			runOnlyForDeploymentPostprocessing = 0;
		};
		39F6A13122A66C35003B3B7B /* Frameworks */ = {
			isa = PBXFrameworksBuildPhase;
			buildActionMask = 2147483647;
			files = (
			);
			runOnlyForDeploymentPostprocessing = 0;
		};
/* End PBXFrameworksBuildPhase section */

/* Begin PBXGroup section */
		39F6A10C22A66C34003B3B7B = {
			isa = PBXGroup;
			children = (
				39F6A11722A66C34003B3B7B /* PhotoSearch */,
				39F6A12C22A66C35003B3B7B /* PhotoSearchTests */,
				39F6A13722A66C35003B3B7B /* PhotoSearchUITests */,
				39F6A11622A66C34003B3B7B /* Products */,
			);
			sourceTree = "<group>";
		};
		39F6A11622A66C34003B3B7B /* Products */ = {
			isa = PBXGroup;
			children = (
				39F6A11522A66C34003B3B7B /* PhotoSearch.app */,
				39F6A12922A66C35003B3B7B /* PhotoSearchTests.xctest */,
				39F6A13422A66C35003B3B7B /* PhotoSearchUITests.xctest */,
			);
			name = Products;
			sourceTree = "<group>";
		};
		39F6A11722A66C34003B3B7B /* PhotoSearch */ = {
			isa = PBXGroup;
			children = (
				39F6A14722A77FDA003B3B7B /* Model */,
				39F6A11822A66C34003B3B7B /* AppDelegate.swift */,
				39F6A11A22A66C34003B3B7B /* ViewController.swift */,
				39F6A11F22A66C35003B3B7B /* Assets.xcassets */,
				39F6A12122A66C35003B3B7B /* LaunchScreen.storyboard */,
				39F6A12422A66C35003B3B7B /* Info.plist */,
			);
			path = PhotoSearch;
			sourceTree = "<group>";
		};
		39F6A12C22A66C35003B3B7B /* PhotoSearchTests */ = {
			isa = PBXGroup;
			children = (
				39F6A12D22A66C35003B3B7B /* PhotoSearchTests.swift */,
				39F6A12F22A66C35003B3B7B /* Info.plist */,
			);
			path = PhotoSearchTests;
			sourceTree = "<group>";
		};
		39F6A13722A66C35003B3B7B /* PhotoSearchUITests */ = {
			isa = PBXGroup;
			children = (
				39F6A13822A66C35003B3B7B /* PhotoSearchUITests.swift */,
				39F6A13A22A66C35003B3B7B /* Info.plist */,
			);
			path = PhotoSearchUITests;
			sourceTree = "<group>";
		};
		39F6A14722A77FDA003B3B7B /* Model */ = {
			isa = PBXGroup;
			children = (
				39F6A14822A780F0003B3B7B /* PhotoSearchService.swift */,
				39F6A14A22A782CB003B3B7B /* Result.swift */,
				39F6A14C22A78425003B3B7B /* PhotoSearchError.swift */,
				397AC3D822A7860000E83873 /* Photo.swift */,
			);
			path = Model;
			sourceTree = "<group>";
		};
/* End PBXGroup section */

/* Begin PBXNativeTarget section */
		39F6A11422A66C34003B3B7B /* PhotoSearch */ = {
			isa = PBXNativeTarget;
			buildConfigurationList = 39F6A13D22A66C35003B3B7B /* Build configuration list for PBXNativeTarget "PhotoSearch" */;
			buildPhases = (
				39F6A11122A66C34003B3B7B /* Sources */,
				39F6A11222A66C34003B3B7B /* Frameworks */,
				39F6A11322A66C34003B3B7B /* Resources */,
			);
			buildRules = (
			);
			dependencies = (
			);
			name = PhotoSearch;
			productName = PhotoSearch;
			productReference = 39F6A11522A66C34003B3B7B /* PhotoSearch.app */;
			productType = "com.apple.product-type.application";
		};
		39F6A12822A66C35003B3B7B /* PhotoSearchTests */ = {
			isa = PBXNativeTarget;
			buildConfigurationList = 39F6A14022A66C35003B3B7B /* Build configuration list for PBXNativeTarget "PhotoSearchTests" */;
			buildPhases = (
				39F6A12522A66C35003B3B7B /* Sources */,
				39F6A12622A66C35003B3B7B /* Frameworks */,
				39F6A12722A66C35003B3B7B /* Resources */,
			);
			buildRules = (
			);
			dependencies = (
				39F6A12B22A66C35003B3B7B /* PBXTargetDependency */,
			);
			name = PhotoSearchTests;
			productName = PhotoSearchTests;
			productReference = 39F6A12922A66C35003B3B7B /* PhotoSearchTests.xctest */;
			productType = "com.apple.product-type.bundle.unit-test";
		};
		39F6A13322A66C35003B3B7B /* PhotoSearchUITests */ = {
			isa = PBXNativeTarget;
			buildConfigurationList = 39F6A14322A66C35003B3B7B /* Build configuration list for PBXNativeTarget "PhotoSearchUITests" */;
			buildPhases = (
				39F6A13022A66C35003B3B7B /* Sources */,
				39F6A13122A66C35003B3B7B /* Frameworks */,
				39F6A13222A66C35003B3B7B /* Resources */,
			);
			buildRules = (
			);
			dependencies = (
				39F6A13622A66C35003B3B7B /* PBXTargetDependency */,
			);
			name = PhotoSearchUITests;
			productName = PhotoSearchUITests;
			productReference = 39F6A13422A66C35003B3B7B /* PhotoSearchUITests.xctest */;
			productType = "com.apple.product-type.bundle.ui-testing";
		};
/* End PBXNativeTarget section */

/* Begin PBXProject section */
		39F6A10D22A66C34003B3B7B /* Project object */ = {
			isa = PBXProject;
			attributes = {
				LastSwiftUpdateCheck = 1010;
				LastUpgradeCheck = 1010;
				ORGANIZATIONNAME = Matsyk;
				TargetAttributes = {
					39F6A11422A66C34003B3B7B = {
						CreatedOnToolsVersion = 10.1;
					};
					39F6A12822A66C35003B3B7B = {
						CreatedOnToolsVersion = 10.1;
						TestTargetID = 39F6A11422A66C34003B3B7B;
					};
					39F6A13322A66C35003B3B7B = {
						CreatedOnToolsVersion = 10.1;
						TestTargetID = 39F6A11422A66C34003B3B7B;
					};
				};
			};
			buildConfigurationList = 39F6A11022A66C34003B3B7B /* Build configuration list for PBXProject "PhotoSearch" */;
			compatibilityVersion = "Xcode 9.3";
			developmentRegion = en;
			hasScannedForEncodings = 0;
			knownRegions = (
				en,
				Base,
			);
			mainGroup = 39F6A10C22A66C34003B3B7B;
			productRefGroup = 39F6A11622A66C34003B3B7B /* Products */;
			projectDirPath = "";
			projectRoot = "";
			targets = (
				39F6A11422A66C34003B3B7B /* PhotoSearch */,
				39F6A12822A66C35003B3B7B /* PhotoSearchTests */,
				39F6A13322A66C35003B3B7B /* PhotoSearchUITests */,
			);
		};
/* End PBXProject section */

/* Begin PBXResourcesBuildPhase section */
		39F6A11322A66C34003B3B7B /* Resources */ = {
			isa = PBXResourcesBuildPhase;
			buildActionMask = 2147483647;
			files = (
				39F6A12322A66C35003B3B7B /* LaunchScreen.storyboard in Resources */,
				39F6A12022A66C35003B3B7B /* Assets.xcassets in Resources */,
			);
			runOnlyForDeploymentPostprocessing = 0;
		};
		39F6A12722A66C35003B3B7B /* Resources */ = {
			isa = PBXResourcesBuildPhase;
			buildActionMask = 2147483647;
			files = (
			);
			runOnlyForDeploymentPostprocessing = 0;
		};
		39F6A13222A66C35003B3B7B /* Resources */ = {
			isa = PBXResourcesBuildPhase;
			buildActionMask = 2147483647;
			files = (
			);
			runOnlyForDeploymentPostprocessing = 0;
		};
/* End PBXResourcesBuildPhase section */

/* Begin PBXSourcesBuildPhase section */
		39F6A11122A66C34003B3B7B /* Sources */ = {
			isa = PBXSourcesBuildPhase;
			buildActionMask = 2147483647;
			files = (
				397AC3D922A7860000E83873 /* Photo.swift in Sources */,
				39F6A14922A780F0003B3B7B /* PhotoSearchService.swift in Sources */,
				39F6A11B22A66C34003B3B7B /* ViewController.swift in Sources */,
				39F6A14B22A782CB003B3B7B /* Result.swift in Sources */,
				39F6A14D22A78425003B3B7B /* PhotoSearchError.swift in Sources */,
				39F6A11922A66C34003B3B7B /* AppDelegate.swift in Sources */,
			);
			runOnlyForDeploymentPostprocessing = 0;
		};
		39F6A12522A66C35003B3B7B /* Sources */ = {
			isa = PBXSourcesBuildPhase;
			buildActionMask = 2147483647;
			files = (
				39F6A12E22A66C35003B3B7B /* PhotoSearchTests.swift in Sources */,
			);
			runOnlyForDeploymentPostprocessing = 0;
		};
		39F6A13022A66C35003B3B7B /* Sources */ = {
			isa = PBXSourcesBuildPhase;
			buildActionMask = 2147483647;
			files = (
				39F6A13922A66C35003B3B7B /* PhotoSearchUITests.swift in Sources */,
			);
			runOnlyForDeploymentPostprocessing = 0;
		};
/* End PBXSourcesBuildPhase section */

/* Begin PBXTargetDependency section */
		39F6A12B22A66C35003B3B7B /* PBXTargetDependency */ = {
			isa = PBXTargetDependency;
			target = 39F6A11422A66C34003B3B7B /* PhotoSearch */;
			targetProxy = 39F6A12A22A66C35003B3B7B /* PBXContainerItemProxy */;
		};
		39F6A13622A66C35003B3B7B /* PBXTargetDependency */ = {
			isa = PBXTargetDependency;
			target = 39F6A11422A66C34003B3B7B /* PhotoSearch */;
			targetProxy = 39F6A13522A66C35003B3B7B /* PBXContainerItemProxy */;
		};
/* End PBXTargetDependency section */

/* Begin PBXVariantGroup section */
		39F6A12122A66C35003B3B7B /* LaunchScreen.storyboard */ = {
			isa = PBXVariantGroup;
			children = (
				39F6A12222A66C35003B3B7B /* Base */,
			);
			name = LaunchScreen.storyboard;
			sourceTree = "<group>";
		};
/* End PBXVariantGroup section */

/* Begin XCBuildConfiguration section */
		39F6A13B22A66C35003B3B7B /* Debug */ = {
			isa = XCBuildConfiguration;
			buildSettings = {
				ALWAYS_SEARCH_USER_PATHS = NO;
				CLANG_ANALYZER_NONNULL = YES;
				CLANG_ANALYZER_NUMBER_OBJECT_CONVERSION = YES_AGGRESSIVE;
				CLANG_CXX_LANGUAGE_STANDARD = "gnu++14";
				CLANG_CXX_LIBRARY = "libc++";
				CLANG_ENABLE_MODULES = YES;
				CLANG_ENABLE_OBJC_ARC = YES;
				CLANG_ENABLE_OBJC_WEAK = YES;
				CLANG_WARN_BLOCK_CAPTURE_AUTORELEASING = YES;
				CLANG_WARN_BOOL_CONVERSION = YES;
				CLANG_WARN_COMMA = YES;
				CLANG_WARN_CONSTANT_CONVERSION = YES;
				CLANG_WARN_DEPRECATED_OBJC_IMPLEMENTATIONS = YES;
				CLANG_WARN_DIRECT_OBJC_ISA_USAGE = YES_ERROR;
				CLANG_WARN_DOCUMENTATION_COMMENTS = YES;
				CLANG_WARN_EMPTY_BODY = YES;
				CLANG_WARN_ENUM_CONVERSION = YES;
				CLANG_WARN_INFINITE_RECURSION = YES;
				CLANG_WARN_INT_CONVERSION = YES;
				CLANG_WARN_NON_LITERAL_NULL_CONVERSION = YES;
				CLANG_WARN_OBJC_IMPLICIT_RETAIN_SELF = YES;
				CLANG_WARN_OBJC_LITERAL_CONVERSION = YES;
				CLANG_WARN_OBJC_ROOT_CLASS = YES_ERROR;
				CLANG_WARN_RANGE_LOOP_ANALYSIS = YES;
				CLANG_WARN_STRICT_PROTOTYPES = YES;
				CLANG_WARN_SUSPICIOUS_MOVE = YES;
				CLANG_WARN_UNGUARDED_AVAILABILITY = YES_AGGRESSIVE;
				CLANG_WARN_UNREACHABLE_CODE = YES;
				CLANG_WARN__DUPLICATE_METHOD_MATCH = YES;
				CODE_SIGN_IDENTITY = "iPhone Developer";
				COPY_PHASE_STRIP = NO;
				DEBUG_INFORMATION_FORMAT = dwarf;
				ENABLE_STRICT_OBJC_MSGSEND = YES;
				ENABLE_TESTABILITY = YES;
				GCC_C_LANGUAGE_STANDARD = gnu11;
				GCC_DYNAMIC_NO_PIC = NO;
				GCC_NO_COMMON_BLOCKS = YES;
				GCC_OPTIMIZATION_LEVEL = 0;
				GCC_PREPROCESSOR_DEFINITIONS = (
					"DEBUG=1",
					"$(inherited)",
				);
				GCC_WARN_64_TO_32_BIT_CONVERSION = YES;
				GCC_WARN_ABOUT_RETURN_TYPE = YES_ERROR;
				GCC_WARN_UNDECLARED_SELECTOR = YES;
				GCC_WARN_UNINITIALIZED_AUTOS = YES_AGGRESSIVE;
				GCC_WARN_UNUSED_FUNCTION = YES;
				GCC_WARN_UNUSED_VARIABLE = YES;
				IPHONEOS_DEPLOYMENT_TARGET = 12.1;
				MTL_ENABLE_DEBUG_INFO = INCLUDE_SOURCE;
				MTL_FAST_MATH = YES;
				ONLY_ACTIVE_ARCH = YES;
				SDKROOT = iphoneos;
				SWIFT_ACTIVE_COMPILATION_CONDITIONS = DEBUG;
				SWIFT_OPTIMIZATION_LEVEL = "-Onone";
			};
			name = Debug;
		};
		39F6A13C22A66C35003B3B7B /* Release */ = {
			isa = XCBuildConfiguration;
			buildSettings = {
				ALWAYS_SEARCH_USER_PATHS = NO;
				CLANG_ANALYZER_NONNULL = YES;
				CLANG_ANALYZER_NUMBER_OBJECT_CONVERSION = YES_AGGRESSIVE;
				CLANG_CXX_LANGUAGE_STANDARD = "gnu++14";
				CLANG_CXX_LIBRARY = "libc++";
				CLANG_ENABLE_MODULES = YES;
				CLANG_ENABLE_OBJC_ARC = YES;
				CLANG_ENABLE_OBJC_WEAK = YES;
				CLANG_WARN_BLOCK_CAPTURE_AUTORELEASING = YES;
				CLANG_WARN_BOOL_CONVERSION = YES;
				CLANG_WARN_COMMA = YES;
				CLANG_WARN_CONSTANT_CONVERSION = YES;
				CLANG_WARN_DEPRECATED_OBJC_IMPLEMENTATIONS = YES;
				CLANG_WARN_DIRECT_OBJC_ISA_USAGE = YES_ERROR;
				CLANG_WARN_DOCUMENTATION_COMMENTS = YES;
				CLANG_WARN_EMPTY_BODY = YES;
				CLANG_WARN_ENUM_CONVERSION = YES;
				CLANG_WARN_INFINITE_RECURSION = YES;
				CLANG_WARN_INT_CONVERSION = YES;
				CLANG_WARN_NON_LITERAL_NULL_CONVERSION = YES;
				CLANG_WARN_OBJC_IMPLICIT_RETAIN_SELF = YES;
				CLANG_WARN_OBJC_LITERAL_CONVERSION = YES;
				CLANG_WARN_OBJC_ROOT_CLASS = YES_ERROR;
				CLANG_WARN_RANGE_LOOP_ANALYSIS = YES;
				CLANG_WARN_STRICT_PROTOTYPES = YES;
				CLANG_WARN_SUSPICIOUS_MOVE = YES;
				CLANG_WARN_UNGUARDED_AVAILABILITY = YES_AGGRESSIVE;
				CLANG_WARN_UNREACHABLE_CODE = YES;
				CLANG_WARN__DUPLICATE_METHOD_MATCH = YES;
				CODE_SIGN_IDENTITY = "iPhone Developer";
				COPY_PHASE_STRIP = NO;
				DEBUG_INFORMATION_FORMAT = "dwarf-with-dsym";
				ENABLE_NS_ASSERTIONS = NO;
				ENABLE_STRICT_OBJC_MSGSEND = YES;
				GCC_C_LANGUAGE_STANDARD = gnu11;
				GCC_NO_COMMON_BLOCKS = YES;
				GCC_WARN_64_TO_32_BIT_CONVERSION = YES;
				GCC_WARN_ABOUT_RETURN_TYPE = YES_ERROR;
				GCC_WARN_UNDECLARED_SELECTOR = YES;
				GCC_WARN_UNINITIALIZED_AUTOS = YES_AGGRESSIVE;
				GCC_WARN_UNUSED_FUNCTION = YES;
				GCC_WARN_UNUSED_VARIABLE = YES;
				IPHONEOS_DEPLOYMENT_TARGET = 12.1;
				MTL_ENABLE_DEBUG_INFO = NO;
				MTL_FAST_MATH = YES;
				SDKROOT = iphoneos;
				SWIFT_COMPILATION_MODE = wholemodule;
				SWIFT_OPTIMIZATION_LEVEL = "-O";
				VALIDATE_PRODUCT = YES;
			};
			name = Release;
		};
		39F6A13E22A66C35003B3B7B /* Debug */ = {
			isa = XCBuildConfiguration;
			buildSettings = {
				ASSETCATALOG_COMPILER_APPICON_NAME = AppIcon;
				CODE_SIGN_STYLE = Automatic;
				DEVELOPMENT_TEAM = 8N4FVAGQ3S;
				INFOPLIST_FILE = PhotoSearch/Info.plist;
				LD_RUNPATH_SEARCH_PATHS = (
					"$(inherited)",
					"@executable_path/Frameworks",
				);
				PRODUCT_BUNDLE_IDENTIFIER = com.matsyk.PhotoSearch;
				PRODUCT_NAME = "$(TARGET_NAME)";
				SWIFT_VERSION = 4.2;
				TARGETED_DEVICE_FAMILY = "1,2";
			};
			name = Debug;
		};
		39F6A13F22A66C35003B3B7B /* Release */ = {
			isa = XCBuildConfiguration;
			buildSettings = {
				ASSETCATALOG_COMPILER_APPICON_NAME = AppIcon;
				CODE_SIGN_STYLE = Automatic;
				DEVELOPMENT_TEAM = 8N4FVAGQ3S;
				INFOPLIST_FILE = PhotoSearch/Info.plist;
				LD_RUNPATH_SEARCH_PATHS = (
					"$(inherited)",
					"@executable_path/Frameworks",
				);
				PRODUCT_BUNDLE_IDENTIFIER = com.matsyk.PhotoSearch;
				PRODUCT_NAME = "$(TARGET_NAME)";
				SWIFT_VERSION = 4.2;
				TARGETED_DEVICE_FAMILY = "1,2";
			};
			name = Release;
		};
		39F6A14122A66C35003B3B7B /* Debug */ = {
			isa = XCBuildConfiguration;
			buildSettings = {
				ALWAYS_EMBED_SWIFT_STANDARD_LIBRARIES = YES;
				BUNDLE_LOADER = "$(TEST_HOST)";
				CODE_SIGN_STYLE = Automatic;
				DEVELOPMENT_TEAM = 8N4FVAGQ3S;
				INFOPLIST_FILE = PhotoSearchTests/Info.plist;
				LD_RUNPATH_SEARCH_PATHS = (
					"$(inherited)",
					"@executable_path/Frameworks",
					"@loader_path/Frameworks",
				);
				PRODUCT_BUNDLE_IDENTIFIER = com.matsyk.PhotoSearchTests;
				PRODUCT_NAME = "$(TARGET_NAME)";
				SWIFT_VERSION = 4.2;
				TARGETED_DEVICE_FAMILY = "1,2";
				TEST_HOST = "$(BUILT_PRODUCTS_DIR)/PhotoSearch.app/PhotoSearch";
			};
			name = Debug;
		};
		39F6A14222A66C35003B3B7B /* Release */ = {
			isa = XCBuildConfiguration;
			buildSettings = {
				ALWAYS_EMBED_SWIFT_STANDARD_LIBRARIES = YES;
				BUNDLE_LOADER = "$(TEST_HOST)";
				CODE_SIGN_STYLE = Automatic;
				DEVELOPMENT_TEAM = 8N4FVAGQ3S;
				INFOPLIST_FILE = PhotoSearchTests/Info.plist;
				LD_RUNPATH_SEARCH_PATHS = (
					"$(inherited)",
					"@executable_path/Frameworks",
					"@loader_path/Frameworks",
				);
				PRODUCT_BUNDLE_IDENTIFIER = com.matsyk.PhotoSearchTests;
				PRODUCT_NAME = "$(TARGET_NAME)";
				SWIFT_VERSION = 4.2;
				TARGETED_DEVICE_FAMILY = "1,2";
				TEST_HOST = "$(BUILT_PRODUCTS_DIR)/PhotoSearch.app/PhotoSearch";
			};
			name = Release;
		};
		39F6A14422A66C35003B3B7B /* Debug */ = {
			isa = XCBuildConfiguration;
			buildSettings = {
				ALWAYS_EMBED_SWIFT_STANDARD_LIBRARIES = YES;
				CODE_SIGN_STYLE = Automatic;
				DEVELOPMENT_TEAM = 8N4FVAGQ3S;
				INFOPLIST_FILE = PhotoSearchUITests/Info.plist;
				LD_RUNPATH_SEARCH_PATHS = (
					"$(inherited)",
					"@executable_path/Frameworks",
					"@loader_path/Frameworks",
				);
				PRODUCT_BUNDLE_IDENTIFIER = com.matsyk.PhotoSearchUITests;
				PRODUCT_NAME = "$(TARGET_NAME)";
				SWIFT_VERSION = 4.2;
				TARGETED_DEVICE_FAMILY = "1,2";
				TEST_TARGET_NAME = PhotoSearch;
			};
			name = Debug;
		};
		39F6A14522A66C35003B3B7B /* Release */ = {
			isa = XCBuildConfiguration;
			buildSettings = {
				ALWAYS_EMBED_SWIFT_STANDARD_LIBRARIES = YES;
				CODE_SIGN_STYLE = Automatic;
				DEVELOPMENT_TEAM = 8N4FVAGQ3S;
				INFOPLIST_FILE = PhotoSearchUITests/Info.plist;
				LD_RUNPATH_SEARCH_PATHS = (
					"$(inherited)",
					"@executable_path/Frameworks",
					"@loader_path/Frameworks",
				);
				PRODUCT_BUNDLE_IDENTIFIER = com.matsyk.PhotoSearchUITests;
				PRODUCT_NAME = "$(TARGET_NAME)";
				SWIFT_VERSION = 4.2;
				TARGETED_DEVICE_FAMILY = "1,2";
				TEST_TARGET_NAME = PhotoSearch;
			};
			name = Release;
		};
/* End XCBuildConfiguration section */

/* Begin XCConfigurationList section */
		39F6A11022A66C34003B3B7B /* Build configuration list for PBXProject "PhotoSearch" */ = {
			isa = XCConfigurationList;
			buildConfigurations = (
				39F6A13B22A66C35003B3B7B /* Debug */,
				39F6A13C22A66C35003B3B7B /* Release */,
			);
			defaultConfigurationIsVisible = 0;
			defaultConfigurationName = Release;
		};
		39F6A13D22A66C35003B3B7B /* Build configuration list for PBXNativeTarget "PhotoSearch" */ = {
			isa = XCConfigurationList;
			buildConfigurations = (
				39F6A13E22A66C35003B3B7B /* Debug */,
				39F6A13F22A66C35003B3B7B /* Release */,
			);
			defaultConfigurationIsVisible = 0;
			defaultConfigurationName = Release;
		};
		39F6A14022A66C35003B3B7B /* Build configuration list for PBXNativeTarget "PhotoSearchTests" */ = {
			isa = XCConfigurationList;
			buildConfigurations = (
				39F6A14122A66C35003B3B7B /* Debug */,
				39F6A14222A66C35003B3B7B /* Release */,
			);
			defaultConfigurationIsVisible = 0;
			defaultConfigurationName = Release;
		};
		39F6A14322A66C35003B3B7B /* Build configuration list for PBXNativeTarget "PhotoSearchUITests" */ = {
			isa = XCConfigurationList;
			buildConfigurations = (
				39F6A14422A66C35003B3B7B /* Debug */,
				39F6A14522A66C35003B3B7B /* Release */,
			);
			defaultConfigurationIsVisible = 0;
			defaultConfigurationName = Release;
		};
/* End XCConfigurationList section */
	};
	rootObject = 39F6A10D22A66C34003B3B7B /* Project object */;
}
